<Solution>
  <Folder Name="/src/">
    <Project Path="src/DymndAssetBrowser.App/DymndAssetBrowser.App.csproj" />
    <Project Path="src/DymndAssetBrowser.Core/DymndAssetBrowser.Core.csproj" />
  </Folder>
  <Folder Name="/tests/">
    <Project Path="tests/DymndAssetBrowser.SmokeTests/DymndAssetBrowser.SmokeTests.csproj" />
    <Project Path="tests/DymndAssetBrowser.Tests/DymndAssetBrowser.Tests.csproj" />
  </Folder>
  <Folder Name="/experiments/">
    <Project Path="experiments/DymndBuilder.V1/DymndBuilder.V1.csproj" />
    <Project Path="experiments/DymndBuilder.V1.SmokeTests/DymndBuilder.V1.SmokeTests.csproj" />
  </Folder>
  <Folder Name="/tools/">
    <Project Path="tools/FAWallRibbonAudit/FAWallRibbonAudit.csproj" />
    <Project Path="tools/TaxonomyAudit/TaxonomyAudit.csproj" />
  </Folder>
</Solution>
